{
  "requires": true,
  "lockfileVersion": 1,
  "dependencies": {
    "vue-cli-plugin-vuetify": {
      "version": "0.1.6",
      "resolved": "https://registry.npmjs.org/vue-cli-plugin-vuetify/-/vue-cli-plugin-vuetify-0.1.6.tgz",
      "integrity": "sha512-PHiVGYLckWlqG78UN9YyrigEYZeCpu2toI4vPBPGOhcpfEvwRtwr5bEu0mR+/GDoTbJMTDDoIj0EP1hJKoqIcQ==",
      "dev": true
    }
  }
}
